
Microsoft Visual Studio Solution File, Format Version 12.00
# Visual Studio Version 17
VisualStudioVersion = 17.14.37203.1 d17.14
MinimumVisualStudioVersion = 10.0.40219.1
Project("{FAE04EC0-301F-11D3-BF4B-00C04F79EFBC}") = "GoodHamburger.Domain", "GoodHamburger.Domain\GoodHamburger.Domain.csproj", "{63E5BE07-9BCF-46D8-8A8E-1410F16CE208}"
EndProject
Project("{2150E333-8FDC-42A3-9474-1A3956D46DE8}") = "src", "src", "{02EA681E-C7D8-13C7-8484-4AC65E1B71E8}"
EndProject
Project("{FAE04EC0-301F-11D3-BF4B-00C04F79EFBC}") = "GoodHamburger.Application", "GoodHamburger.Application\GoodHamburger.Application.csproj", "{11F24F85-3667-4EE8-AEAE-580071852826}"
EndProject
Project("{FAE04EC0-301F-11D3-BF4B-00C04F79EFBC}") = "GoodHamburger.Infrastructure", "GoodHamburger.Infrastructure\GoodHamburger.Infrastructure.csproj", "{2E4BF6E0-1883-4C7A-B44F-4C82EB9984DA}"
EndProject
Project("{FAE04EC0-301F-11D3-BF4B-00C04F79EFBC}") = "GoodHamburger.API", "GoodHamburger.API\GoodHamburger.API.csproj", "{78F7BDBE-DCDD-4FE7-A09B-037ED8348668}"
EndProject
Global
	GlobalSection(SolutionConfigurationPlatforms) = preSolution
		Debug|Any CPU = Debug|Any CPU
		Release|Any CPU = Release|Any CPU
	EndGlobalSection
	GlobalSection(ProjectConfigurationPlatforms) = postSolution
		{63E5BE07-9BCF-46D8-8A8E-1410F16CE208}.Debug|Any CPU.ActiveCfg = Debug|Any CPU
		{63E5BE07-9BCF-46D8-8A8E-1410F16CE208}.Debug|Any CPU.Build.0 = Debug|Any CPU
		{63E5BE07-9BCF-46D8-8A8E-1410F16CE208}.Release|Any CPU.ActiveCfg = Release|Any CPU
		{63E5BE07-9BCF-46D8-8A8E-1410F16CE208}.Release|Any CPU.Build.0 = Release|Any CPU
		{11F24F85-3667-4EE8-AEAE-580071852826}.Debug|Any CPU.ActiveCfg = Debug|Any CPU
		{11F24F85-3667-4EE8-AEAE-580071852826}.Debug|Any CPU.Build.0 = Debug|Any CPU
		{11F24F85-3667-4EE8-AEAE-580071852826}.Release|Any CPU.ActiveCfg = Release|Any CPU
		{11F24F85-3667-4EE8-AEAE-580071852826}.Release|Any CPU.Build.0 = Release|Any CPU
		{2E4BF6E0-1883-4C7A-B44F-4C82EB9984DA}.Debug|Any CPU.ActiveCfg = Debug|Any CPU
		{2E4BF6E0-1883-4C7A-B44F-4C82EB9984DA}.Debug|Any CPU.Build.0 = Debug|Any CPU
		{2E4BF6E0-1883-4C7A-B44F-4C82EB9984DA}.Release|Any CPU.ActiveCfg = Release|Any CPU
		{2E4BF6E0-1883-4C7A-B44F-4C82EB9984DA}.Release|Any CPU.Build.0 = Release|Any CPU
		{78F7BDBE-DCDD-4FE7-A09B-037ED8348668}.Debug|Any CPU.ActiveCfg = Debug|Any CPU
		{78F7BDBE-DCDD-4FE7-A09B-037ED8348668}.Debug|Any CPU.Build.0 = Debug|Any CPU
		{78F7BDBE-DCDD-4FE7-A09B-037ED8348668}.Release|Any CPU.ActiveCfg = Release|Any CPU
		{78F7BDBE-DCDD-4FE7-A09B-037ED8348668}.Release|Any CPU.Build.0 = Release|Any CPU
	EndGlobalSection
	GlobalSection(SolutionProperties) = preSolution
		HideSolutionNode = FALSE
	EndGlobalSection
	GlobalSection(NestedProjects) = preSolution
		{63E5BE07-9BCF-46D8-8A8E-1410F16CE208} = {02EA681E-C7D8-13C7-8484-4AC65E1B71E8}
		{11F24F85-3667-4EE8-AEAE-580071852826} = {02EA681E-C7D8-13C7-8484-4AC65E1B71E8}
		{2E4BF6E0-1883-4C7A-B44F-4C82EB9984DA} = {02EA681E-C7D8-13C7-8484-4AC65E1B71E8}
		{78F7BDBE-DCDD-4FE7-A09B-037ED8348668} = {02EA681E-C7D8-13C7-8484-4AC65E1B71E8}
	EndGlobalSection
	GlobalSection(ExtensibilityGlobals) = postSolution
		SolutionGuid = {471E3473-ED13-4DCC-B5D9-71795CAD0C82}
	EndGlobalSection
EndGlobal
